
Microsoft Visual Studio Solution File, Format Version 12.00
Project("{FAE04EC0-301F-11D3-BF4B-00C04F79EFBC}") = "DragonFruit.Six.Api.Modern", "DragonFruit.Six.Api.Modern\DragonFruit.Six.Api.Modern.csproj", "{1A1E5E0B-2369-4284-87E4-E5050EC5A8D4}"
EndProject
Project("{FAE04EC0-301F-11D3-BF4B-00C04F79EFBC}") = "DragonFruit.Six.Api.Modern.Tests", "DragonFruit.Six.Api.Modern.Tests\DragonFruit.Six.Api.Modern.Tests.csproj", "{37712510-A18A-4D23-8B98-7E6E06B7F860}"
EndProject
Global
	GlobalSection(SolutionConfigurationPlatforms) = preSolution
		Debug|Any CPU = Debug|Any CPU
		Release|Any CPU = Release|Any CPU
	EndGlobalSection
	GlobalSection(ProjectConfigurationPlatforms) = postSolution
		{1A1E5E0B-2369-4284-87E4-E5050EC5A8D4}.Debug|Any CPU.ActiveCfg = Debug|Any CPU
		{1A1E5E0B-2369-4284-87E4-E5050EC5A8D4}.Debug|Any CPU.Build.0 = Debug|Any CPU
		{1A1E5E0B-2369-4284-87E4-E5050EC5A8D4}.Release|Any CPU.ActiveCfg = Release|Any CPU
		{1A1E5E0B-2369-4284-87E4-E5050EC5A8D4}.Release|Any CPU.Build.0 = Release|Any CPU
		{37712510-A18A-4D23-8B98-7E6E06B7F860}.Debug|Any CPU.ActiveCfg = Debug|Any CPU
		{37712510-A18A-4D23-8B98-7E6E06B7F860}.Debug|Any CPU.Build.0 = Debug|Any CPU
		{37712510-A18A-4D23-8B98-7E6E06B7F860}.Release|Any CPU.ActiveCfg = Release|Any CPU
		{37712510-A18A-4D23-8B98-7E6E06B7F860}.Release|Any CPU.Build.0 = Release|Any CPU
	EndGlobalSection
EndGlobal
